{
  "object": {
    "pins": [
      {
        "package": "RealmDatabase",
        "repositoryURL": "https://github.com/realm/realm-core.git",
        "state": {
          "branch": null,
          "revision": "b77443ca7fa25407869ca537bf3ae912b1427bff",
          "version": "12.13.0"
        }
      }
    ]
  },
  "version": 1
}
