// !$*UTF8*$!
{
	archiveVersion = 1;
	classes = {
	};
	objectVersion = 56;
	objects = {

/* Begin PBXBuildFile section */
		0C233504298825A9008286F6 /* AppDelegate.swift in Sources */ = {isa = PBXBuildFile; fileRef = 0C233503298825A9008286F6 /* AppDelegate.swift */; };
		0C233506298825A9008286F6 /* SceneDelegate.swift in Sources */ = {isa = PBXBuildFile; fileRef = 0C233505298825A9008286F6 /* SceneDelegate.swift */; };
		0C233508298825A9008286F6 /* ConversationsController.swift in Sources */ = {isa = PBXBuildFile; fileRef = 0C233507298825A9008286F6 /* ConversationsController.swift */; };
		0C23350B298825A9008286F6 /* Main.storyboard in Resources */ = {isa = PBXBuildFile; fileRef = 0C233509298825A9008286F6 /* Main.storyboard */; };
		0C23350D298825AA008286F6 /* Assets.xcassets in Resources */ = {isa = PBXBuildFile; fileRef = 0C23350C298825AA008286F6 /* Assets.xcassets */; };
		0C233510298825AA008286F6 /* LaunchScreen.storyboard in Resources */ = {isa = PBXBuildFile; fileRef = 0C23350E298825AA008286F6 /* LaunchScreen.storyboard */; };
		0C233521298839CF008286F6 /* LoginViewController.swift in Sources */ = {isa = PBXBuildFile; fileRef = 0C233520298839CF008286F6 /* LoginViewController.swift */; };
		0C233523298839F4008286F6 /* RegisterViewController.swift in Sources */ = {isa = PBXBuildFile; fileRef = 0C233522298839F4008286F6 /* RegisterViewController.swift */; };
		0C23352529883A13008286F6 /* PhotoViewerViewController.swift in Sources */ = {isa = PBXBuildFile; fileRef = 0C23352429883A13008286F6 /* PhotoViewerViewController.swift */; };
		0C23352729883A25008286F6 /* VideoPlayerViewController.swift in Sources */ = {isa = PBXBuildFile; fileRef = 0C23352629883A25008286F6 /* VideoPlayerViewController.swift */; };
		0C23352929883A48008286F6 /* NewConversationViewController.swift in Sources */ = {isa = PBXBuildFile; fileRef = 0C23352829883A48008286F6 /* NewConversationViewController.swift */; };
		0C23352B29883A64008286F6 /* ProfileViewController.swift in Sources */ = {isa = PBXBuildFile; fileRef = 0C23352A29883A64008286F6 /* ProfileViewController.swift */; };
		0C23352E298843FC008286F6 /* Extensions.swift in Sources */ = {isa = PBXBuildFile; fileRef = 0C23352D298843FC008286F6 /* Extensions.swift */; };
		0C2335382988A684008286F6 /* GoogleService-Info.plist in Resources */ = {isa = PBXBuildFile; fileRef = 0C2335372988A684008286F6 /* GoogleService-Info.plist */; };
		0C23353A298923EF008286F6 /* DatabaseManager.swift in Sources */ = {isa = PBXBuildFile; fileRef = 0C233539298923EF008286F6 /* DatabaseManager.swift */; };
		C2782EB10DC1142D26358E07 /* Pods_Messenger.framework in Frameworks */ = {isa = PBXBuildFile; fileRef = 0DBF2C17EEBD01611A1935FC /* Pods_Messenger.framework */; };
/* End PBXBuildFile section */

/* Begin PBXFileReference section */
		0C233500298825A9008286F6 /* Messenger.app */ = {isa = PBXFileReference; explicitFileType = wrapper.application; includeInIndex = 0; path = Messenger.app; sourceTree = BUILT_PRODUCTS_DIR; };
		0C233503298825A9008286F6 /* AppDelegate.swift */ = {isa = PBXFileReference; lastKnownFileType = sourcecode.swift; path = AppDelegate.swift; sourceTree = "<group>"; };
		0C233505298825A9008286F6 /* SceneDelegate.swift */ = {isa = PBXFileReference; lastKnownFileType = sourcecode.swift; path = SceneDelegate.swift; sourceTree = "<group>"; };
		0C233507298825A9008286F6 /* ConversationsController.swift */ = {isa = PBXFileReference; lastKnownFileType = sourcecode.swift; path = ConversationsController.swift; sourceTree = "<group>"; };
		0C23350A298825A9008286F6 /* Base */ = {isa = PBXFileReference; lastKnownFileType = file.storyboard; name = Base; path = Base.lproj/Main.storyboard; sourceTree = "<group>"; };
		0C23350C298825AA008286F6 /* Assets.xcassets */ = {isa = PBXFileReference; lastKnownFileType = folder.assetcatalog; path = Assets.xcassets; sourceTree = "<group>"; };
		0C23350F298825AA008286F6 /* Base */ = {isa = PBXFileReference; lastKnownFileType = file.storyboard; name = Base; path = Base.lproj/LaunchScreen.storyboard; sourceTree = "<group>"; };
		0C233511298825AA008286F6 /* Info.plist */ = {isa = PBXFileReference; lastKnownFileType = text.plist.xml; path = Info.plist; sourceTree = "<group>"; };
		0C233520298839CF008286F6 /* LoginViewController.swift */ = {isa = PBXFileReference; lastKnownFileType = sourcecode.swift; path = LoginViewController.swift; sourceTree = "<group>"; };
		0C233522298839F4008286F6 /* RegisterViewController.swift */ = {isa = PBXFileReference; lastKnownFileType = sourcecode.swift; path = RegisterViewController.swift; sourceTree = "<group>"; };
		0C23352429883A13008286F6 /* PhotoViewerViewController.swift */ = {isa = PBXFileReference; lastKnownFileType = sourcecode.swift; path = PhotoViewerViewController.swift; sourceTree = "<group>"; };
		0C23352629883A25008286F6 /* VideoPlayerViewController.swift */ = {isa = PBXFileReference; lastKnownFileType = sourcecode.swift; path = VideoPlayerViewController.swift; sourceTree = "<group>"; };
		0C23352829883A48008286F6 /* NewConversationViewController.swift */ = {isa = PBXFileReference; lastKnownFileType = sourcecode.swift; path = NewConversationViewController.swift; sourceTree = "<group>"; };
		0C23352A29883A64008286F6 /* ProfileViewController.swift */ = {isa = PBXFileReference; lastKnownFileType = sourcecode.swift; path = ProfileViewController.swift; sourceTree = "<group>"; };
		0C23352D298843FC008286F6 /* Extensions.swift */ = {isa = PBXFileReference; lastKnownFileType = sourcecode.swift; path = Extensions.swift; sourceTree = "<group>"; };
		0C2335372988A684008286F6 /* GoogleService-Info.plist */ = {isa = PBXFileReference; fileEncoding = 4; lastKnownFileType = text.plist.xml; path = "GoogleService-Info.plist"; sourceTree = "<group>"; };
		0C233539298923EF008286F6 /* DatabaseManager.swift */ = {isa = PBXFileReference; lastKnownFileType = sourcecode.swift; path = DatabaseManager.swift; sourceTree = "<group>"; };
		0CC4A10D5BA5D5D46ED8C240 /* Pods-Messenger.debug.xcconfig */ = {isa = PBXFileReference; includeInIndex = 1; lastKnownFileType = text.xcconfig; name = "Pods-Messenger.debug.xcconfig"; path = "Target Support Files/Pods-Messenger/Pods-Messenger.debug.xcconfig"; sourceTree = "<group>"; };
		0DBF2C17EEBD01611A1935FC /* Pods_Messenger.framework */ = {isa = PBXFileReference; explicitFileType = wrapper.framework; includeInIndex = 0; path = Pods_Messenger.framework; sourceTree = BUILT_PRODUCTS_DIR; };
		8EE2702E5ECF14DA69453465 /* Pods-Messenger.release.xcconfig */ = {isa = PBXFileReference; includeInIndex = 1; lastKnownFileType = text.xcconfig; name = "Pods-Messenger.release.xcconfig"; path = "Target Support Files/Pods-Messenger/Pods-Messenger.release.xcconfig"; sourceTree = "<group>"; };
/* End PBXFileReference section */

/* Begin PBXFrameworksBuildPhase section */
		0C2334FD298825A9008286F6 /* Frameworks */ = {
			isa = PBXFrameworksBuildPhase;
			buildActionMask = 2147483647;
			files = (
				C2782EB10DC1142D26358E07 /* Pods_Messenger.framework in Frameworks */,
			);
			runOnlyForDeploymentPostprocessing = 0;
		};
/* End PBXFrameworksBuildPhase section */

/* Begin PBXGroup section */
		0C2334F7298825A9008286F6 = {
			isa = PBXGroup;
			children = (
				0C233502298825A9008286F6 /* Messenger */,
				0C233501298825A9008286F6 /* Products */,
				10D8F79F6E3BC177D6D017C6 /* Pods */,
				E26E39056D368DD1491997DA /* Frameworks */,
			);
			sourceTree = "<group>";
		};
		0C233501298825A9008286F6 /* Products */ = {
			isa = PBXGroup;
			children = (
				0C233500298825A9008286F6 /* Messenger.app */,
			);
			name = Products;
			sourceTree = "<group>";
		};
		0C233502298825A9008286F6 /* Messenger */ = {
			isa = PBXGroup;
			children = (
				0C2335372988A684008286F6 /* GoogleService-Info.plist */,
				0C23351C2988366B008286F6 /* Resources */,
				0C23351B29883663008286F6 /* ViewModels */,
				0C23351A2988365D008286F6 /* Models */,
				0C2335182988363A008286F6 /* Views */,
				0C2335172988361D008286F6 /* Controllers */,
				0C233511298825AA008286F6 /* Info.plist */,
			);
			path = Messenger;
			sourceTree = "<group>";
		};
		0C2335172988361D008286F6 /* Controllers */ = {
			isa = PBXGroup;
			children = (
				0C233507298825A9008286F6 /* ConversationsController.swift */,
				0C23352C29883BD7008286F6 /* Login */,
				0C23352429883A13008286F6 /* PhotoViewerViewController.swift */,
				0C23352629883A25008286F6 /* VideoPlayerViewController.swift */,
				0C23352829883A48008286F6 /* NewConversationViewController.swift */,
				0C23352A29883A64008286F6 /* ProfileViewController.swift */,
			);
			path = Controllers;
			sourceTree = "<group>";
		};
		0C2335182988363A008286F6 /* Views */ = {
			isa = PBXGroup;
			children = (
				0C23351D298836AC008286F6 /* Storyboards */,
				0C23350C298825AA008286F6 /* Assets.xcassets */,
			);
			path = Views;
			sourceTree = "<group>";
		};
		0C23351A2988365D008286F6 /* Models */ = {
			isa = PBXGroup;
			children = (
			);
			path = Models;
			sourceTree = "<group>";
		};
		0C23351B29883663008286F6 /* ViewModels */ = {
			isa = PBXGroup;
			children = (
			);
			path = ViewModels;
			sourceTree = "<group>";
		};
		0C23351C2988366B008286F6 /* Resources */ = {
			isa = PBXGroup;
			children = (
				0C233503298825A9008286F6 /* AppDelegate.swift */,
				0C233505298825A9008286F6 /* SceneDelegate.swift */,
				0C23352D298843FC008286F6 /* Extensions.swift */,
				0C233539298923EF008286F6 /* DatabaseManager.swift */,
			);
			path = Resources;
			sourceTree = "<group>";
		};
		0C23351D298836AC008286F6 /* Storyboards */ = {
			isa = PBXGroup;
			children = (
				0C23350E298825AA008286F6 /* LaunchScreen.storyboard */,
				0C233509298825A9008286F6 /* Main.storyboard */,
			);
			path = Storyboards;
			sourceTree = "<group>";
		};
		0C23352C29883BD7008286F6 /* Login */ = {
			isa = PBXGroup;
			children = (
				0C233520298839CF008286F6 /* LoginViewController.swift */,
				0C233522298839F4008286F6 /* RegisterViewController.swift */,
			);
			path = Login;
			sourceTree = "<group>";
		};
		10D8F79F6E3BC177D6D017C6 /* Pods */ = {
			isa = PBXGroup;
			children = (
				0CC4A10D5BA5D5D46ED8C240 /* Pods-Messenger.debug.xcconfig */,
				8EE2702E5ECF14DA69453465 /* Pods-Messenger.release.xcconfig */,
			);
			path = Pods;
			sourceTree = "<group>";
		};
		E26E39056D368DD1491997DA /* Frameworks */ = {
			isa = PBXGroup;
			children = (
				0DBF2C17EEBD01611A1935FC /* Pods_Messenger.framework */,
			);
			name = Frameworks;
			sourceTree = "<group>";
		};
/* End PBXGroup section */

/* Begin PBXNativeTarget section */
		0C2334FF298825A9008286F6 /* Messenger */ = {
			isa = PBXNativeTarget;
			buildConfigurationList = 0C233514298825AA008286F6 /* Build configuration list for PBXNativeTarget "Messenger" */;
			buildPhases = (
				50B19B660BF5EC6BD9B98FCB /* [CP] Check Pods Manifest.lock */,
				0C2334FC298825A9008286F6 /* Sources */,
				0C2334FD298825A9008286F6 /* Frameworks */,
				0C2334FE298825A9008286F6 /* Resources */,
				CA57E1CC0178810BABC59537 /* [CP] Embed Pods Frameworks */,
			);
			buildRules = (
			);
			dependencies = (
			);
			name = Messenger;
			productName = Messenger;
			productReference = 0C233500298825A9008286F6 /* Messenger.app */;
			productType = "com.apple.product-type.application";
		};
/* End PBXNativeTarget section */

/* Begin PBXProject section */
		0C2334F8298825A9008286F6 /* Project object */ = {
			isa = PBXProject;
			attributes = {
				BuildIndependentTargetsInParallel = 1;
				LastSwiftUpdateCheck = 1420;
				LastUpgradeCheck = 1420;
				TargetAttributes = {
					0C2334FF298825A9008286F6 = {
						CreatedOnToolsVersion = 14.2;
					};
				};
			};
			buildConfigurationList = 0C2334FB298825A9008286F6 /* Build configuration list for PBXProject "Messenger" */;
			compatibilityVersion = "Xcode 14.0";
			developmentRegion = en;
			hasScannedForEncodings = 0;
			knownRegions = (
				en,
				Base,
			);
			mainGroup = 0C2334F7298825A9008286F6;
			productRefGroup = 0C233501298825A9008286F6 /* Products */;
			projectDirPath = "";
			projectRoot = "";
			targets = (
				0C2334FF298825A9008286F6 /* Messenger */,
			);
		};
/* End PBXProject section */

/* Begin PBXResourcesBuildPhase section */
		0C2334FE298825A9008286F6 /* Resources */ = {
			isa = PBXResourcesBuildPhase;
			buildActionMask = 2147483647;
			files = (
				0C233510298825AA008286F6 /* LaunchScreen.storyboard in Resources */,
				0C2335382988A684008286F6 /* GoogleService-Info.plist in Resources */,
				0C23350D298825AA008286F6 /* Assets.xcassets in Resources */,
				0C23350B298825A9008286F6 /* Main.storyboard in Resources */,
			);
			runOnlyForDeploymentPostprocessing = 0;
		};
/* End PBXResourcesBuildPhase section */

/* Begin PBXShellScriptBuildPhase section */
		50B19B660BF5EC6BD9B98FCB /* [CP] Check Pods Manifest.lock */ = {
			isa = PBXShellScriptBuildPhase;
			buildActionMask = 2147483647;
			files = (
			);
			inputFileListPaths = (
			);
			inputPaths = (
				"${PODS_PODFILE_DIR_PATH}/Podfile.lock",
				"${PODS_ROOT}/Manifest.lock",
			);
			name = "[CP] Check Pods Manifest.lock";
			outputFileListPaths = (
			);
			outputPaths = (
				"$(DERIVED_FILE_DIR)/Pods-Messenger-checkManifestLockResult.txt",
			);
			runOnlyForDeploymentPostprocessing = 0;
			shellPath = /bin/sh;
			shellScript = "diff \"${PODS_PODFILE_DIR_PATH}/Podfile.lock\" \"${PODS_ROOT}/Manifest.lock\" > /dev/null\nif [ $? != 0 ] ; then\n    # print error to STDERR\n    echo \"error: The sandbox is not in sync with the Podfile.lock. Run 'pod install' or update your CocoaPods installation.\" >&2\n    exit 1\nfi\n# This output is used by Xcode 'outputs' to avoid re-running this script phase.\necho \"SUCCESS\" > \"${SCRIPT_OUTPUT_FILE_0}\"\n";
			showEnvVarsInLog = 0;
		};
		CA57E1CC0178810BABC59537 /* [CP] Embed Pods Frameworks */ = {
			isa = PBXShellScriptBuildPhase;
			buildActionMask = 2147483647;
			files = (
			);
			inputFileListPaths = (
				"${PODS_ROOT}/Target Support Files/Pods-Messenger/Pods-Messenger-frameworks-${CONFIGURATION}-input-files.xcfilelist",
			);
			name = "[CP] Embed Pods Frameworks";
			outputFileListPaths = (
				"${PODS_ROOT}/Target Support Files/Pods-Messenger/Pods-Messenger-frameworks-${CONFIGURATION}-output-files.xcfilelist",
			);
			runOnlyForDeploymentPostprocessing = 0;
			shellPath = /bin/sh;
			shellScript = "\"${PODS_ROOT}/Target Support Files/Pods-Messenger/Pods-Messenger-frameworks.sh\"\n";
			showEnvVarsInLog = 0;
		};
/* End PBXShellScriptBuildPhase section */

/* Begin PBXSourcesBuildPhase section */
		0C2334FC298825A9008286F6 /* Sources */ = {
			isa = PBXSourcesBuildPhase;
			buildActionMask = 2147483647;
			files = (
				0C233521298839CF008286F6 /* LoginViewController.swift in Sources */,
				0C23353A298923EF008286F6 /* DatabaseManager.swift in Sources */,
				0C233523298839F4008286F6 /* RegisterViewController.swift in Sources */,
				0C23352929883A48008286F6 /* NewConversationViewController.swift in Sources */,
				0C233508298825A9008286F6 /* ConversationsController.swift in Sources */,
				0C23352729883A25008286F6 /* VideoPlayerViewController.swift in Sources */,
				0C23352E298843FC008286F6 /* Extensions.swift in Sources */,
				0C233504298825A9008286F6 /* AppDelegate.swift in Sources */,
				0C23352B29883A64008286F6 /* ProfileViewController.swift in Sources */,
				0C233506298825A9008286F6 /* SceneDelegate.swift in Sources */,
				0C23352529883A13008286F6 /* PhotoViewerViewController.swift in Sources */,
			);
			runOnlyForDeploymentPostprocessing = 0;
		};
/* End PBXSourcesBuildPhase section */

/* Begin PBXVariantGroup section */
		0C233509298825A9008286F6 /* Main.storyboard */ = {
			isa = PBXVariantGroup;
			children = (
				0C23350A298825A9008286F6 /* Base */,
			);
			name = Main.storyboard;
			sourceTree = "<group>";
		};
		0C23350E298825AA008286F6 /* LaunchScreen.storyboard */ = {
			isa = PBXVariantGroup;
			children = (
				0C23350F298825AA008286F6 /* Base */,
			);
			name = LaunchScreen.storyboard;
			sourceTree = "<group>";
		};
/* End PBXVariantGroup section */

/* Begin XCBuildConfiguration section */
		0C233512298825AA008286F6 /* Debug */ = {
			isa = XCBuildConfiguration;
			buildSettings = {
				ALWAYS_SEARCH_USER_PATHS = NO;
				CLANG_ANALYZER_NONNULL = YES;
				CLANG_ANALYZER_NUMBER_OBJECT_CONVERSION = YES_AGGRESSIVE;
				CLANG_CXX_LANGUAGE_STANDARD = "gnu++20";
				CLANG_ENABLE_MODULES = YES;
				CLANG_ENABLE_OBJC_ARC = YES;
				CLANG_ENABLE_OBJC_WEAK = YES;
				CLANG_WARN_BLOCK_CAPTURE_AUTORELEASING = YES;
				CLANG_WARN_BOOL_CONVERSION = YES;
				CLANG_WARN_COMMA = YES;
				CLANG_WARN_CONSTANT_CONVERSION = YES;
				CLANG_WARN_DEPRECATED_OBJC_IMPLEMENTATIONS = YES;
				CLANG_WARN_DIRECT_OBJC_ISA_USAGE = YES_ERROR;
				CLANG_WARN_DOCUMENTATION_COMMENTS = YES;
				CLANG_WARN_EMPTY_BODY = YES;
				CLANG_WARN_ENUM_CONVERSION = YES;
				CLANG_WARN_INFINITE_RECURSION = YES;
				CLANG_WARN_INT_CONVERSION = YES;
				CLANG_WARN_NON_LITERAL_NULL_CONVERSION = YES;
				CLANG_WARN_OBJC_IMPLICIT_RETAIN_SELF = YES;
				CLANG_WARN_OBJC_LITERAL_CONVERSION = YES;
				CLANG_WARN_OBJC_ROOT_CLASS = YES_ERROR;
				CLANG_WARN_QUOTED_INCLUDE_IN_FRAMEWORK_HEADER = YES;
				CLANG_WARN_RANGE_LOOP_ANALYSIS = YES;
				CLANG_WARN_STRICT_PROTOTYPES = YES;
				CLANG_WARN_SUSPICIOUS_MOVE = YES;
				CLANG_WARN_UNGUARDED_AVAILABILITY = YES_AGGRESSIVE;
				CLANG_WARN_UNREACHABLE_CODE = YES;
				CLANG_WARN__DUPLICATE_METHOD_MATCH = YES;
				COPY_PHASE_STRIP = NO;
				DEBUG_INFORMATION_FORMAT = dwarf;
				ENABLE_STRICT_OBJC_MSGSEND = YES;
				ENABLE_TESTABILITY = YES;
				GCC_C_LANGUAGE_STANDARD = gnu11;
				GCC_DYNAMIC_NO_PIC = NO;
				GCC_NO_COMMON_BLOCKS = YES;
				GCC_OPTIMIZATION_LEVEL = 0;
				GCC_PREPROCESSOR_DEFINITIONS = (
					"DEBUG=1",
					"$(inherited)",
				);
				GCC_WARN_64_TO_32_BIT_CONVERSION = YES;
				GCC_WARN_ABOUT_RETURN_TYPE = YES_ERROR;
				GCC_WARN_UNDECLARED_SELECTOR = YES;
				GCC_WARN_UNINITIALIZED_AUTOS = YES_AGGRESSIVE;
				GCC_WARN_UNUSED_FUNCTION = YES;
				GCC_WARN_UNUSED_VARIABLE = YES;
				IPHONEOS_DEPLOYMENT_TARGET = 16.2;
				MTL_ENABLE_DEBUG_INFO = INCLUDE_SOURCE;
				MTL_FAST_MATH = YES;
				ONLY_ACTIVE_ARCH = YES;
				SDKROOT = iphoneos;
				SWIFT_ACTIVE_COMPILATION_CONDITIONS = DEBUG;
				SWIFT_OPTIMIZATION_LEVEL = "-Onone";
			};
			name = Debug;
		};
		0C233513298825AA008286F6 /* Release */ = {
			isa = XCBuildConfiguration;
			buildSettings = {
				ALWAYS_SEARCH_USER_PATHS = NO;
				CLANG_ANALYZER_NONNULL = YES;
				CLANG_ANALYZER_NUMBER_OBJECT_CONVERSION = YES_AGGRESSIVE;
				CLANG_CXX_LANGUAGE_STANDARD = "gnu++20";
				CLANG_ENABLE_MODULES = YES;
				CLANG_ENABLE_OBJC_ARC = YES;
				CLANG_ENABLE_OBJC_WEAK = YES;
				CLANG_WARN_BLOCK_CAPTURE_AUTORELEASING = YES;
				CLANG_WARN_BOOL_CONVERSION = YES;
				CLANG_WARN_COMMA = YES;
				CLANG_WARN_CONSTANT_CONVERSION = YES;
				CLANG_WARN_DEPRECATED_OBJC_IMPLEMENTATIONS = YES;
				CLANG_WARN_DIRECT_OBJC_ISA_USAGE = YES_ERROR;
				CLANG_WARN_DOCUMENTATION_COMMENTS = YES;
				CLANG_WARN_EMPTY_BODY = YES;
				CLANG_WARN_ENUM_CONVERSION = YES;
				CLANG_WARN_INFINITE_RECURSION = YES;
				CLANG_WARN_INT_CONVERSION = YES;
				CLANG_WARN_NON_LITERAL_NULL_CONVERSION = YES;
				CLANG_WARN_OBJC_IMPLICIT_RETAIN_SELF = YES;
				CLANG_WARN_OBJC_LITERAL_CONVERSION = YES;
				CLANG_WARN_OBJC_ROOT_CLASS = YES_ERROR;
				CLANG_WARN_QUOTED_INCLUDE_IN_FRAMEWORK_HEADER = YES;
				CLANG_WARN_RANGE_LOOP_ANALYSIS = YES;
				CLANG_WARN_STRICT_PROTOTYPES = YES;
				CLANG_WARN_SUSPICIOUS_MOVE = YES;
				CLANG_WARN_UNGUARDED_AVAILABILITY = YES_AGGRESSIVE;
				CLANG_WARN_UNREACHABLE_CODE = YES;
				CLANG_WARN__DUPLICATE_METHOD_MATCH = YES;
				COPY_PHASE_STRIP = NO;
				DEBUG_INFORMATION_FORMAT = "dwarf-with-dsym";
				ENABLE_NS_ASSERTIONS = NO;
				ENABLE_STRICT_OBJC_MSGSEND = YES;
				GCC_C_LANGUAGE_STANDARD = gnu11;
				GCC_NO_COMMON_BLOCKS = YES;
				GCC_WARN_64_TO_32_BIT_CONVERSION = YES;
				GCC_WARN_ABOUT_RETURN_TYPE = YES_ERROR;
				GCC_WARN_UNDECLARED_SELECTOR = YES;
				GCC_WARN_UNINITIALIZED_AUTOS = YES_AGGRESSIVE;
				GCC_WARN_UNUSED_FUNCTION = YES;
				GCC_WARN_UNUSED_VARIABLE = YES;
				IPHONEOS_DEPLOYMENT_TARGET = 16.2;
				MTL_ENABLE_DEBUG_INFO = NO;
				MTL_FAST_MATH = YES;
				SDKROOT = iphoneos;
				SWIFT_COMPILATION_MODE = wholemodule;
				SWIFT_OPTIMIZATION_LEVEL = "-O";
				VALIDATE_PRODUCT = YES;
			};
			name = Release;
		};
		0C233515298825AA008286F6 /* Debug */ = {
			isa = XCBuildConfiguration;
			baseConfigurationReference = 0CC4A10D5BA5D5D46ED8C240 /* Pods-Messenger.debug.xcconfig */;
			buildSettings = {
				ASSETCATALOG_COMPILER_APPICON_NAME = AppIcon;
				ASSETCATALOG_COMPILER_GLOBAL_ACCENT_COLOR_NAME = AccentColor;
				CODE_SIGN_STYLE = Automatic;
				CURRENT_PROJECT_VERSION = 1;
				DEVELOPMENT_TEAM = 9678YS47PX;
				GENERATE_INFOPLIST_FILE = YES;
				INFOPLIST_FILE = Messenger/Info.plist;
				INFOPLIST_KEY_UIApplicationSupportsIndirectInputEvents = YES;
				INFOPLIST_KEY_UILaunchStoryboardName = LaunchScreen;
				INFOPLIST_KEY_UIMainStoryboardFile = Main;
				INFOPLIST_KEY_UISupportedInterfaceOrientations = UIInterfaceOrientationPortrait;
				IPHONEOS_DEPLOYMENT_TARGET = 16.0;
				LD_RUNPATH_SEARCH_PATHS = (
					"$(inherited)",
					"@executable_path/Frameworks",
				);
				MARKETING_VERSION = 1.0;
				PRODUCT_BUNDLE_IDENTIFIER = com.nuonuo.Messenger;
				PRODUCT_NAME = "$(TARGET_NAME)";
				SWIFT_EMIT_LOC_STRINGS = YES;
				SWIFT_VERSION = 5.0;
				TARGETED_DEVICE_FAMILY = "1,2";
			};
			name = Debug;
		};
		0C233516298825AA008286F6 /* Release */ = {
			isa = XCBuildConfiguration;
			baseConfigurationReference = 8EE2702E5ECF14DA69453465 /* Pods-Messenger.release.xcconfig */;
			buildSettings = {
				ASSETCATALOG_COMPILER_APPICON_NAME = AppIcon;
				ASSETCATALOG_COMPILER_GLOBAL_ACCENT_COLOR_NAME = AccentColor;
				CODE_SIGN_STYLE = Automatic;
				CURRENT_PROJECT_VERSION = 1;
				DEVELOPMENT_TEAM = 9678YS47PX;
				GENERATE_INFOPLIST_FILE = YES;
				INFOPLIST_FILE = Messenger/Info.plist;
				INFOPLIST_KEY_UIApplicationSupportsIndirectInputEvents = YES;
				INFOPLIST_KEY_UILaunchStoryboardName = LaunchScreen;
				INFOPLIST_KEY_UIMainStoryboardFile = Main;
				INFOPLIST_KEY_UISupportedInterfaceOrientations = UIInterfaceOrientationPortrait;
				IPHONEOS_DEPLOYMENT_TARGET = 16.0;
				LD_RUNPATH_SEARCH_PATHS = (
					"$(inherited)",
					"@executable_path/Frameworks",
				);
				MARKETING_VERSION = 1.0;
				PRODUCT_BUNDLE_IDENTIFIER = com.nuonuo.Messenger;
				PRODUCT_NAME = "$(TARGET_NAME)";
				SWIFT_EMIT_LOC_STRINGS = YES;
				SWIFT_VERSION = 5.0;
				TARGETED_DEVICE_FAMILY = "1,2";
			};
			name = Release;
		};
/* End XCBuildConfiguration section */

/* Begin XCConfigurationList section */
		0C2334FB298825A9008286F6 /* Build configuration list for PBXProject "Messenger" */ = {
			isa = XCConfigurationList;
			buildConfigurations = (
				0C233512298825AA008286F6 /* Debug */,
				0C233513298825AA008286F6 /* Release */,
			);
			defaultConfigurationIsVisible = 0;
			defaultConfigurationName = Release;
		};
		0C233514298825AA008286F6 /* Build configuration list for PBXNativeTarget "Messenger" */ = {
			isa = XCConfigurationList;
			buildConfigurations = (
				0C233515298825AA008286F6 /* Debug */,
				0C233516298825AA008286F6 /* Release */,
			);
			defaultConfigurationIsVisible = 0;
			defaultConfigurationName = Release;
		};
/* End XCConfigurationList section */
	};
	rootObject = 0C2334F8298825A9008286F6 /* Project object */;
}
